{
  "lockfile_version": "1",
  "packages": {
    "github:NixOS/nixpkgs/nixpkgs-unstable": {
      "last_modified": "2025-09-19T06:08:23Z",
      "resolved": "github:NixOS/nixpkgs/12bd230118a1901a4a5d393f9f56b6ad7e571d01?lastModified=1758262103"
    },
    "github:NixOS/nixpkgs/nixpkgs-unstable#graalvm-ce": {
      "last_modified": "2025-09-19T06:08:23Z",
      "resolved": "github:NixOS/nixpkgs/12bd230118a1901a4a5d393f9f56b6ad7e571d01?lastModified=1758262103#graalvm-ce"
    },
    "github:NixOS/nixpkgs/nixpkgs-unstable#httpie": {
      "last_modified": "2025-09-19T06:08:23Z",
      "resolved": "github:NixOS/nixpkgs/12bd230118a1901a4a5d393f9f56b6ad7e571d01?lastModified=1758262103#httpie"
    }
  }
}
