{
  "lockfile_version": "1",
  "packages": {
    "github:NixOS/nixpkgs/nixpkgs-unstable": {
      "last_modified": "2025-11-03T07:53:02Z",
      "resolved": "github:NixOS/nixpkgs/7241bcbb4f099a66aafca120d37c65e8dda32717?lastModified=1762156382"
    },
    "graalvmPackages.graalvm-ce@25.0.0": {
      "last_modified": "2025-10-22T20:59:19Z",
      "resolved": "github:NixOS/nixpkgs/01b6809f7f9d1183a2b3e081f0a1e6f8f415cb09#graalvmPackages.graalvm-ce",
      "source": "devbox-search",
      "version": "25.0.0",
      "systems": {
        "aarch64-darwin": {
          "outputs": [
            {
              "name": "out",
              "path": "/nix/store/1qr4pa8sqsskh7nx5wav5vcn0mk4g5jm-graalvm-ce-25.0.0",
              "default": true
            }
          ],
          "store_path": "/nix/store/1qr4pa8sqsskh7nx5wav5vcn0mk4g5jm-graalvm-ce-25.0.0"
        },
        "aarch64-linux": {
          "outputs": [
            {
              "name": "out",
              "path": "/nix/store/gsw2lvnwbjms2b8inrhmlcxi1clcggab-graalvm-ce-25.0.0",
              "default": true
            }
          ],
          "store_path": "/nix/store/gsw2lvnwbjms2b8inrhmlcxi1clcggab-graalvm-ce-25.0.0"
        },
        "x86_64-darwin": {
          "outputs": [
            {
              "name": "out",
              "path": "/nix/store/splb0wpi8hn32lmfp5ckb1skrc7j3ff9-graalvm-ce-25.0.0",
              "default": true
            }
          ],
          "store_path": "/nix/store/splb0wpi8hn32lmfp5ckb1skrc7j3ff9-graalvm-ce-25.0.0"
        },
        "x86_64-linux": {
          "outputs": [
            {
              "name": "out",
              "path": "/nix/store/qn2nvfpzcn1fhjpsysg4nr22g09c05qj-graalvm-ce-25.0.0",
              "default": true
            }
          ],
          "store_path": "/nix/store/qn2nvfpzcn1fhjpsysg4nr22g09c05qj-graalvm-ce-25.0.0"
        }
      }
    },
    "httpie@latest": {
      "last_modified": "2025-10-22T20:59:19Z",
      "resolved": "github:NixOS/nixpkgs/01b6809f7f9d1183a2b3e081f0a1e6f8f415cb09#httpie",
      "source": "devbox-search",
      "version": "3.2.4",
      "systems": {
        "aarch64-darwin": {
          "outputs": [
            {
              "name": "out",
              "path": "/nix/store/7xfhqgi23rfij0wp8ls1q9v7yffldsba-python3.13-httpie-3.2.4",
              "default": true
            },
            {
              "name": "dist",
              "path": "/nix/store/gfw4i2sgxi700p85nqncbgws73pznw4n-python3.13-httpie-3.2.4-dist"
            }
          ],
          "store_path": "/nix/store/7xfhqgi23rfij0wp8ls1q9v7yffldsba-python3.13-httpie-3.2.4"
        },
        "aarch64-linux": {
          "outputs": [
            {
              "name": "out",
              "path": "/nix/store/kpxhh8f70rv3xzfnhyvh0k3wgqw04hvh-python3.13-httpie-3.2.4",
              "default": true
            },
            {
              "name": "dist",
              "path": "/nix/store/h24rbf5d2rxjib28sz2ysylb51pdpn54-python3.13-httpie-3.2.4-dist"
            }
          ],
          "store_path": "/nix/store/kpxhh8f70rv3xzfnhyvh0k3wgqw04hvh-python3.13-httpie-3.2.4"
        },
        "x86_64-darwin": {
          "outputs": [
            {
              "name": "out",
              "path": "/nix/store/5qmv4bqn8ajx5rkjq3fb4sa8pzzi7207-python3.13-httpie-3.2.4",
              "default": true
            },
            {
              "name": "dist",
              "path": "/nix/store/cfb7lxkjd1agfd7xj22c0cgylbpqm4n7-python3.13-httpie-3.2.4-dist"
            }
          ],
          "store_path": "/nix/store/5qmv4bqn8ajx5rkjq3fb4sa8pzzi7207-python3.13-httpie-3.2.4"
        },
        "x86_64-linux": {
          "outputs": [
            {
              "name": "out",
              "path": "/nix/store/z9rx3i7w1fwa0sh6x69yckkka21qnmg4-python3.13-httpie-3.2.4",
              "default": true
            },
            {
              "name": "dist",
              "path": "/nix/store/abnxc9fdamdmhc9v6w16p6gnvxdr3868-python3.13-httpie-3.2.4-dist"
            }
          ],
          "store_path": "/nix/store/z9rx3i7w1fwa0sh6x69yckkka21qnmg4-python3.13-httpie-3.2.4"
        }
      }
    }
  }
}
